
Microsoft Visual Studio Solution File, Format Version 12.00
# Visual Studio Version 17
VisualStudioVersion = 17.8.34601.278
MinimumVisualStudioVersion = 10.0.40219.1
Project("{9A19103F-16F7-4668-BE54-9A1E7A4F7556}") = "OutboxIssue", "OutboxIssue\OutboxIssue.csproj", "{DD301B85-AEBE-43E0-8221-B833E392270E}"
EndProject
Project("{FAE04EC0-301F-11D3-BF4B-00C04F79EFBC}") = "OutboxIssueTests", "OutboxIssueTests\OutboxIssueTests.csproj", "{DE2C82EE-AEE6-429D-A9D7-ABF16F22DAA3}"
EndProject
Global
	GlobalSection(SolutionConfigurationPlatforms) = preSolution
		Debug|Any CPU = Debug|Any CPU
		Release|Any CPU = Release|Any CPU
	EndGlobalSection
	GlobalSection(ProjectConfigurationPlatforms) = postSolution
		{DD301B85-AEBE-43E0-8221-B833E392270E}.Debug|Any CPU.ActiveCfg = Debug|Any CPU
		{DD301B85-AEBE-43E0-8221-B833E392270E}.Debug|Any CPU.Build.0 = Debug|Any CPU
		{DD301B85-AEBE-43E0-8221-B833E392270E}.Release|Any CPU.ActiveCfg = Release|Any CPU
		{DD301B85-AEBE-43E0-8221-B833E392270E}.Release|Any CPU.Build.0 = Release|Any CPU
		{DE2C82EE-AEE6-429D-A9D7-ABF16F22DAA3}.Debug|Any CPU.ActiveCfg = Debug|Any CPU
		{DE2C82EE-AEE6-429D-A9D7-ABF16F22DAA3}.Debug|Any CPU.Build.0 = Debug|Any CPU
		{DE2C82EE-AEE6-429D-A9D7-ABF16F22DAA3}.Release|Any CPU.ActiveCfg = Release|Any CPU
		{DE2C82EE-AEE6-429D-A9D7-ABF16F22DAA3}.Release|Any CPU.Build.0 = Release|Any CPU
	EndGlobalSection
	GlobalSection(SolutionProperties) = preSolution
		HideSolutionNode = FALSE
	EndGlobalSection
	GlobalSection(ExtensibilityGlobals) = postSolution
		SolutionGuid = {840BF152-4F9D-4363-9F0F-433632335E2B}
	EndGlobalSection
EndGlobal
